
Microsoft Visual Studio Solution File, Format Version 12.00
# Visual Studio Version 16
VisualStudioVersion = 16.0.30011.22
MinimumVisualStudioVersion = 10.0.40219.1
Project("{FAE04EC0-301F-11D3-BF4B-00C04F79EFBC}") = "Wiki2", "Wiki2\Wiki2.csproj", "{7D9EEF9B-1C7B-43E3-8544-F786653D8D69}"
EndProject
Global
	GlobalSection(SolutionConfigurationPlatforms) = preSolution
		Debug|Any CPU = Debug|Any CPU
		Release|Any CPU = Release|Any CPU
	EndGlobalSection
	GlobalSection(ProjectConfigurationPlatforms) = postSolution
		{7D9EEF9B-1C7B-43E3-8544-F786653D8D69}.Debug|Any CPU.ActiveCfg = Debug|Any CPU
		{7D9EEF9B-1C7B-43E3-8544-F786653D8D69}.Debug|Any CPU.Build.0 = Debug|Any CPU
		{7D9EEF9B-1C7B-43E3-8544-F786653D8D69}.Release|Any CPU.ActiveCfg = Release|Any CPU
		{7D9EEF9B-1C7B-43E3-8544-F786653D8D69}.Release|Any CPU.Build.0 = Release|Any CPU
	EndGlobalSection
	GlobalSection(SolutionProperties) = preSolution
		HideSolutionNode = FALSE
	EndGlobalSection
	GlobalSection(ExtensibilityGlobals) = postSolution
		SolutionGuid = {560DD231-967F-4AA4-9893-3131B7A29F56}
	EndGlobalSection
EndGlobal
